
Microsoft Visual Studio Solution File, Format Version 12.00
# Visual Studio Version 17
VisualStudioVersion = 17.5.33424.131
MinimumVisualStudioVersion = 10.0.40219.1
Project("{FAE04EC0-301F-11D3-BF4B-00C04F79EFBC}") = "App2", "App2.csproj", "{02E0FCB6-21AC-4488-B1CD-959219162D87}"
EndProject
Global
	GlobalSection(SolutionConfigurationPlatforms) = preSolution
		Debug|Any CPU = Debug|Any CPU
		Release|Any CPU = Release|Any CPU
	EndGlobalSection
	GlobalSection(ProjectConfigurationPlatforms) = postSolution
		{02E0FCB6-21AC-4488-B1CD-959219162D87}.Debug|Any CPU.ActiveCfg = Debug|Any CPU
		{02E0FCB6-21AC-4488-B1CD-959219162D87}.Debug|Any CPU.Build.0 = Debug|Any CPU
		{02E0FCB6-21AC-4488-B1CD-959219162D87}.Release|Any CPU.ActiveCfg = Release|Any CPU
		{02E0FCB6-21AC-4488-B1CD-959219162D87}.Release|Any CPU.Build.0 = Release|Any CPU
	EndGlobalSection
	GlobalSection(SolutionProperties) = preSolution
		HideSolutionNode = FALSE
	EndGlobalSection
	GlobalSection(ExtensibilityGlobals) = postSolution
		SolutionGuid = {FDAE65F1-4ECC-47ED-A13B-B6ACD616E97D}
	EndGlobalSection
EndGlobal
